
Microsoft Visual Studio Solution File, Format Version 12.00
# Visual Studio Version 16
VisualStudioVersion = 16.0.31205.134
MinimumVisualStudioVersion = 10.0.40219.1
Project("{FAE04EC0-301F-11D3-BF4B-00C04F79EFBC}") = "PersonCRUD", "PersonCRUD.csproj", "{443CA175-0638-4663-946D-14D08BE209E3}"
EndProject
Project("{FAE04EC0-301F-11D3-BF4B-00C04F79EFBC}") = "PersonCRUD.Tests", "..\PersonCRUD.Tests\PersonCRUD.Tests.csproj", "{BF9E8594-2EFF-4568-B43E-FF5977F9E47A}"
EndProject
Project("{FAE04EC0-301F-11D3-BF4B-00C04F79EFBC}") = "PersonCRUD.Library", "..\PersonCRUD.Library\PersonCRUD.Library.csproj", "{D5048E37-86A3-4FC7-805C-B83A944C83F3}"
EndProject
Global
	GlobalSection(SolutionConfigurationPlatforms) = preSolution
		Debug|Any CPU = Debug|Any CPU
		Release|Any CPU = Release|Any CPU
	EndGlobalSection
	GlobalSection(ProjectConfigurationPlatforms) = postSolution
		{443CA175-0638-4663-946D-14D08BE209E3}.Debug|Any CPU.ActiveCfg = Debug|Any CPU
		{443CA175-0638-4663-946D-14D08BE209E3}.Debug|Any CPU.Build.0 = Debug|Any CPU
		{443CA175-0638-4663-946D-14D08BE209E3}.Release|Any CPU.ActiveCfg = Release|Any CPU
		{443CA175-0638-4663-946D-14D08BE209E3}.Release|Any CPU.Build.0 = Release|Any CPU
		{BF9E8594-2EFF-4568-B43E-FF5977F9E47A}.Debug|Any CPU.ActiveCfg = Debug|Any CPU
		{BF9E8594-2EFF-4568-B43E-FF5977F9E47A}.Debug|Any CPU.Build.0 = Debug|Any CPU
		{BF9E8594-2EFF-4568-B43E-FF5977F9E47A}.Release|Any CPU.ActiveCfg = Release|Any CPU
		{BF9E8594-2EFF-4568-B43E-FF5977F9E47A}.Release|Any CPU.Build.0 = Release|Any CPU
		{D5048E37-86A3-4FC7-805C-B83A944C83F3}.Debug|Any CPU.ActiveCfg = Debug|Any CPU
		{D5048E37-86A3-4FC7-805C-B83A944C83F3}.Debug|Any CPU.Build.0 = Debug|Any CPU
		{D5048E37-86A3-4FC7-805C-B83A944C83F3}.Release|Any CPU.ActiveCfg = Release|Any CPU
		{D5048E37-86A3-4FC7-805C-B83A944C83F3}.Release|Any CPU.Build.0 = Release|Any CPU
	EndGlobalSection
	GlobalSection(SolutionProperties) = preSolution
		HideSolutionNode = FALSE
	EndGlobalSection
	GlobalSection(ExtensibilityGlobals) = postSolution
		SolutionGuid = {E737CEA7-0A9E-4A2E-8D57-41D3AC61CB36}
	EndGlobalSection
EndGlobal
